
Microsoft Visual Studio Solution File, Format Version 12.00
# Visual Studio Version 16
VisualStudioVersion = 16.0.29009.5
MinimumVisualStudioVersion = 10.0.40219.1
Project("{8BC9CEB8-8B4A-11D0-8D11-00A0C91BC942}") = "d3dexp-chili", "d3dexp\d3dexp.vcxproj", "{3F8FD336-6336-4858-A1B3-9D727E1BBD28}"
EndProject
Project("{8BC9CEB8-8B4A-11D0-8D11-00A0C91BC942}") = "d3dexp-jpres", "d3dexp-jpres\d3dexp-jpres.vcxproj", "{7144AA2D-8598-4544-8D4D-BDDE8F928B64}"
EndProject
Project("{8BC9CEB8-8B4A-11D0-8D11-00A0C91BC942}") = "d3dexp-rastertek", "d3dexp-rastertek\d3dexp-rastertek.vcxproj", "{108EA2B5-FE67-45AA-904D-785BDCB48BC9}"
EndProject
Global
	GlobalSection(SolutionConfigurationPlatforms) = preSolution
		Debug|x64 = Debug|x64
		Debug|x86 = Debug|x86
		Release|x64 = Release|x64
		Release|x86 = Release|x86
	EndGlobalSection
	GlobalSection(ProjectConfigurationPlatforms) = postSolution
		{3F8FD336-6336-4858-A1B3-9D727E1BBD28}.Debug|x64.ActiveCfg = Debug|x64
		{3F8FD336-6336-4858-A1B3-9D727E1BBD28}.Debug|x64.Build.0 = Debug|x64
		{3F8FD336-6336-4858-A1B3-9D727E1BBD28}.Debug|x86.ActiveCfg = Debug|x64
		{3F8FD336-6336-4858-A1B3-9D727E1BBD28}.Release|x64.ActiveCfg = Release|x64
		{3F8FD336-6336-4858-A1B3-9D727E1BBD28}.Release|x64.Build.0 = Release|x64
		{3F8FD336-6336-4858-A1B3-9D727E1BBD28}.Release|x86.ActiveCfg = Release|x64
		{7144AA2D-8598-4544-8D4D-BDDE8F928B64}.Debug|x64.ActiveCfg = Debug|x64
		{7144AA2D-8598-4544-8D4D-BDDE8F928B64}.Debug|x64.Build.0 = Debug|x64
		{7144AA2D-8598-4544-8D4D-BDDE8F928B64}.Debug|x86.ActiveCfg = Debug|Win32
		{7144AA2D-8598-4544-8D4D-BDDE8F928B64}.Debug|x86.Build.0 = Debug|Win32
		{7144AA2D-8598-4544-8D4D-BDDE8F928B64}.Release|x64.ActiveCfg = Release|x64
		{7144AA2D-8598-4544-8D4D-BDDE8F928B64}.Release|x64.Build.0 = Release|x64
		{7144AA2D-8598-4544-8D4D-BDDE8F928B64}.Release|x86.ActiveCfg = Release|Win32
		{7144AA2D-8598-4544-8D4D-BDDE8F928B64}.Release|x86.Build.0 = Release|Win32
		{108EA2B5-FE67-45AA-904D-785BDCB48BC9}.Debug|x64.ActiveCfg = Debug|x64
		{108EA2B5-FE67-45AA-904D-785BDCB48BC9}.Debug|x64.Build.0 = Debug|x64
		{108EA2B5-FE67-45AA-904D-785BDCB48BC9}.Debug|x86.ActiveCfg = Debug|Win32
		{108EA2B5-FE67-45AA-904D-785BDCB48BC9}.Debug|x86.Build.0 = Debug|Win32
		{108EA2B5-FE67-45AA-904D-785BDCB48BC9}.Release|x64.ActiveCfg = Release|x64
		{108EA2B5-FE67-45AA-904D-785BDCB48BC9}.Release|x64.Build.0 = Release|x64
		{108EA2B5-FE67-45AA-904D-785BDCB48BC9}.Release|x86.ActiveCfg = Release|Win32
		{108EA2B5-FE67-45AA-904D-785BDCB48BC9}.Release|x86.Build.0 = Release|Win32
	EndGlobalSection
	GlobalSection(SolutionProperties) = preSolution
		HideSolutionNode = FALSE
	EndGlobalSection
	GlobalSection(ExtensibilityGlobals) = postSolution
		SolutionGuid = {C74EED3E-5F7F-49F5-A83C-7830B9AF5125}
	EndGlobalSection
EndGlobal
